{
  "name": "meeting-intelligence",
  "version": "1.0.0",
  "lockfileVersion": 3,
  "requires": true,
  "packages": {
    "": {
      "name": "meeting-intelligence",
      "version": "1.0.0",
      "license": "ISC",
      "dependencies": {
        "sherpa-onnx": "^1.13.6"
      }
    },
    "node_modules/sherpa-onnx": {
      "version": "1.13.6",
      "resolved": "https://registry.npmjs.org/sherpa-onnx/-/sherpa-onnx-1.13.6.tgz",
      "integrity": "sha512-N4EpR3PNBdhPWB0dar6K01KKFWdLtvocFFXqT6srljxcDna+o57WAEN9GDHgwA/kKm+JVuDjZ9s/ydF3jOFhuQ==",
      "license": "Apache-2.0"
    }
  }
}
